
Microsoft Visual Studio Solution File, Format Version 12.00
# Visual Studio Version 16
VisualStudioVersion = 16.0.29230.61
MinimumVisualStudioVersion = 10.0.40219.1
Project("{9A19103F-16F7-4668-BE54-9A1E7A4F7556}") = "lms", "lms.csproj", "{63EE607A-1185-4091-B958-C2FD121E50E5}"
EndProject
Global
	GlobalSection(SolutionConfigurationPlatforms) = preSolution
		Debug|Any CPU = Debug|Any CPU
		Release|Any CPU = Release|Any CPU
	EndGlobalSection
	GlobalSection(ProjectConfigurationPlatforms) = postSolution
		{63EE607A-1185-4091-B958-C2FD121E50E5}.Debug|Any CPU.ActiveCfg = Debug|Any CPU
		{63EE607A-1185-4091-B958-C2FD121E50E5}.Debug|Any CPU.Build.0 = Debug|Any CPU
		{63EE607A-1185-4091-B958-C2FD121E50E5}.Release|Any CPU.ActiveCfg = Release|Any CPU
		{63EE607A-1185-4091-B958-C2FD121E50E5}.Release|Any CPU.Build.0 = Release|Any CPU
	EndGlobalSection
	GlobalSection(SolutionProperties) = preSolution
		HideSolutionNode = FALSE
	EndGlobalSection
	GlobalSection(ExtensibilityGlobals) = postSolution
		SolutionGuid = {7EACE050-B729-4E68-9366-5153408D6BA0}
	EndGlobalSection
EndGlobal
